
Microsoft Visual Studio Solution File, Format Version 12.00
# Visual Studio Version 17
VisualStudioVersion = 17.11.35208.52
MinimumVisualStudioVersion = 10.0.40219.1
Project("{9A19103F-16F7-4668-BE54-9A1E7A4F7556}") = "Infrastructure.SharedKernel", "Infrastructure.SharedKernel\Infrastructure.SharedKernel.csproj", "{18597986-C965-4D8F-B412-71FB455935BE}"
EndProject
Project("{FAE04EC0-301F-11D3-BF4B-00C04F79EFBC}") = "UnitTest", "UnitTest\UnitTest.csproj", "{FCAE16BC-9B8F-462B-AB09-0045A855131E}"
EndProject
Global
	GlobalSection(SolutionConfigurationPlatforms) = preSolution
		Debug|Any CPU = Debug|Any CPU
		Release|Any CPU = Release|Any CPU
	EndGlobalSection
	GlobalSection(ProjectConfigurationPlatforms) = postSolution
		{18597986-C965-4D8F-B412-71FB455935BE}.Debug|Any CPU.ActiveCfg = Debug|Any CPU
		{18597986-C965-4D8F-B412-71FB455935BE}.Debug|Any CPU.Build.0 = Debug|Any CPU
		{18597986-C965-4D8F-B412-71FB455935BE}.Release|Any CPU.ActiveCfg = Release|Any CPU
		{18597986-C965-4D8F-B412-71FB455935BE}.Release|Any CPU.Build.0 = Release|Any CPU
		{FCAE16BC-9B8F-462B-AB09-0045A855131E}.Debug|Any CPU.ActiveCfg = Debug|Any CPU
		{FCAE16BC-9B8F-462B-AB09-0045A855131E}.Debug|Any CPU.Build.0 = Debug|Any CPU
		{FCAE16BC-9B8F-462B-AB09-0045A855131E}.Release|Any CPU.ActiveCfg = Release|Any CPU
		{FCAE16BC-9B8F-462B-AB09-0045A855131E}.Release|Any CPU.Build.0 = Release|Any CPU
	EndGlobalSection
	GlobalSection(SolutionProperties) = preSolution
		HideSolutionNode = FALSE
	EndGlobalSection
	GlobalSection(ExtensibilityGlobals) = postSolution
		SolutionGuid = {5CA535CD-F11B-4929-B744-A503286C826E}
	EndGlobalSection
EndGlobal
